// !$*UTF8*$!
{
	archiveVersion = 1;
	classes = {
	};
	objectVersion = 56;
	objects = {

/* Begin PBXBuildFile section */
		5BC166B02B2856F60038658E /* BluetoothDevicesView.swift in Sources */ = {isa = PBXBuildFile; fileRef = 5BC166AF2B2856F60038658E /* BluetoothDevicesView.swift */; };
		85060C792B26F61F00B544AB /* HI1033_Lab1_3App.swift in Sources */ = {isa = PBXBuildFile; fileRef = 85060C782B26F61F00B544AB /* HI1033_Lab1_3App.swift */; };
		85060C7B2B26F61F00B544AB /* ContentView.swift in Sources */ = {isa = PBXBuildFile; fileRef = 85060C7A2B26F61F00B544AB /* ContentView.swift */; };
		85060C7D2B26F62100B544AB /* Assets.xcassets in Resources */ = {isa = PBXBuildFile; fileRef = 85060C7C2B26F62100B544AB /* Assets.xcassets */; };
		85060C802B26F62100B544AB /* Preview Assets.xcassets in Resources */ = {isa = PBXBuildFile; fileRef = 85060C7F2B26F62100B544AB /* Preview Assets.xcassets */; };
		85060C822B26F62100B544AB /* Persistence.swift in Sources */ = {isa = PBXBuildFile; fileRef = 85060C812B26F62100B544AB /* Persistence.swift */; };
		85060C852B26F62100B544AB /* HI1033_Lab1_3.xcdatamodeld in Sources */ = {isa = PBXBuildFile; fileRef = 85060C832B26F62100B544AB /* HI1033_Lab1_3.xcdatamodeld */; };
		85060C8C2B26FAA800B544AB /* BluetoothConnect.swift in Sources */ = {isa = PBXBuildFile; fileRef = 85060C8B2B26FAA800B544AB /* BluetoothConnect.swift */; };
		85060C8E2B26FB9700B544AB /* SensorView.swift in Sources */ = {isa = PBXBuildFile; fileRef = 85060C8D2B26FB9700B544AB /* SensorView.swift */; };
		85060C902B26FBA900B544AB /* SensorViewModel.swift in Sources */ = {isa = PBXBuildFile; fileRef = 85060C8F2B26FBA900B544AB /* SensorViewModel.swift */; };
		85060C952B26FC2200B544AB /* SensorModel.swift in Sources */ = {isa = PBXBuildFile; fileRef = 85060C942B26FC2200B544AB /* SensorModel.swift */; };
/* End PBXBuildFile section */

/* Begin PBXFileReference section */
		5BC166AF2B2856F60038658E /* BluetoothDevicesView.swift */ = {isa = PBXFileReference; lastKnownFileType = sourcecode.swift; path = BluetoothDevicesView.swift; sourceTree = "<group>"; };
		85060C752B26F61F00B544AB /* HI1033_Lab1-3.app */ = {isa = PBXFileReference; explicitFileType = wrapper.application; includeInIndex = 0; path = "HI1033_Lab1-3.app"; sourceTree = BUILT_PRODUCTS_DIR; };
		85060C782B26F61F00B544AB /* HI1033_Lab1_3App.swift */ = {isa = PBXFileReference; lastKnownFileType = sourcecode.swift; path = HI1033_Lab1_3App.swift; sourceTree = "<group>"; };
		85060C7A2B26F61F00B544AB /* ContentView.swift */ = {isa = PBXFileReference; lastKnownFileType = sourcecode.swift; path = ContentView.swift; sourceTree = "<group>"; };
		85060C7C2B26F62100B544AB /* Assets.xcassets */ = {isa = PBXFileReference; lastKnownFileType = folder.assetcatalog; path = Assets.xcassets; sourceTree = "<group>"; };
		85060C7F2B26F62100B544AB /* Preview Assets.xcassets */ = {isa = PBXFileReference; lastKnownFileType = folder.assetcatalog; path = "Preview Assets.xcassets"; sourceTree = "<group>"; };
		85060C812B26F62100B544AB /* Persistence.swift */ = {isa = PBXFileReference; lastKnownFileType = sourcecode.swift; path = Persistence.swift; sourceTree = "<group>"; };
		85060C842B26F62100B544AB /* HI1033_Lab1_3.xcdatamodel */ = {isa = PBXFileReference; lastKnownFileType = wrapper.xcdatamodel; path = HI1033_Lab1_3.xcdatamodel; sourceTree = "<group>"; };
		85060C8B2B26FAA800B544AB /* BluetoothConnect.swift */ = {isa = PBXFileReference; lastKnownFileType = sourcecode.swift; path = BluetoothConnect.swift; sourceTree = "<group>"; };
		85060C8D2B26FB9700B544AB /* SensorView.swift */ = {isa = PBXFileReference; lastKnownFileType = sourcecode.swift; path = SensorView.swift; sourceTree = "<group>"; };
		85060C8F2B26FBA900B544AB /* SensorViewModel.swift */ = {isa = PBXFileReference; lastKnownFileType = sourcecode.swift; path = SensorViewModel.swift; sourceTree = "<group>"; };
		85060C942B26FC2200B544AB /* SensorModel.swift */ = {isa = PBXFileReference; lastKnownFileType = sourcecode.swift; path = SensorModel.swift; sourceTree = "<group>"; };
		85060C962B27033800B544AB /* Sensor.entitlements */ = {isa = PBXFileReference; lastKnownFileType = text.plist.entitlements; path = Sensor.entitlements; sourceTree = "<group>"; };
/* End PBXFileReference section */

/* Begin PBXFrameworksBuildPhase section */
		85060C722B26F61F00B544AB /* Frameworks */ = {
			isa = PBXFrameworksBuildPhase;
			buildActionMask = 2147483647;
			files = (
			);
			runOnlyForDeploymentPostprocessing = 0;
		};
/* End PBXFrameworksBuildPhase section */

/* Begin PBXGroup section */
		85060C6C2B26F61F00B544AB = {
			isa = PBXGroup;
			children = (
				85060C772B26F61F00B544AB /* HI1033_Lab1-3 */,
				85060C762B26F61F00B544AB /* Products */,
			);
			sourceTree = "<group>";
		};
		85060C762B26F61F00B544AB /* Products */ = {
			isa = PBXGroup;
			children = (
				85060C752B26F61F00B544AB /* HI1033_Lab1-3.app */,
			);
			name = Products;
			sourceTree = "<group>";
		};
		85060C772B26F61F00B544AB /* HI1033_Lab1-3 */ = {
			isa = PBXGroup;
			children = (
				85060C932B26FBE200B544AB /* viewModel */,
				85060C922B26FBD500B544AB /* view */,
				85060C912B26FBCC00B544AB /* model */,
				85060C782B26F61F00B544AB /* HI1033_Lab1_3App.swift */,
				85060C7C2B26F62100B544AB /* Assets.xcassets */,
				85060C7E2B26F62100B544AB /* Preview Content */,
				85060C962B27033800B544AB /* Sensor.entitlements */,
			);
			path = "HI1033_Lab1-3";
			sourceTree = "<group>";
		};
		85060C7E2B26F62100B544AB /* Preview Content */ = {
			isa = PBXGroup;
			children = (
				85060C7F2B26F62100B544AB /* Preview Assets.xcassets */,
			);
			path = "Preview Content";
			sourceTree = "<group>";
		};
		85060C912B26FBCC00B544AB /* model */ = {
			isa = PBXGroup;
			children = (
				85060C832B26F62100B544AB /* HI1033_Lab1_3.xcdatamodeld */,
				85060C812B26F62100B544AB /* Persistence.swift */,
				85060C8B2B26FAA800B544AB /* BluetoothConnect.swift */,
				85060C942B26FC2200B544AB /* SensorModel.swift */,
			);
			path = model;
			sourceTree = "<group>";
		};
		85060C922B26FBD500B544AB /* view */ = {
			isa = PBXGroup;
			children = (
				85060C7A2B26F61F00B544AB /* ContentView.swift */,
				85060C8D2B26FB9700B544AB /* SensorView.swift */,
				5BC166AF2B2856F60038658E /* BluetoothDevicesView.swift */,
			);
			path = view;
			sourceTree = "<group>";
		};
		85060C932B26FBE200B544AB /* viewModel */ = {
			isa = PBXGroup;
			children = (
				85060C8F2B26FBA900B544AB /* SensorViewModel.swift */,
			);
			path = viewModel;
			sourceTree = "<group>";
		};
/* End PBXGroup section */

/* Begin PBXNativeTarget section */
		85060C742B26F61F00B544AB /* HI1033_Lab1-3 */ = {
			isa = PBXNativeTarget;
			buildConfigurationList = 85060C882B26F62100B544AB /* Build configuration list for PBXNativeTarget "HI1033_Lab1-3" */;
			buildPhases = (
				85060C712B26F61F00B544AB /* Sources */,
				85060C722B26F61F00B544AB /* Frameworks */,
				85060C732B26F61F00B544AB /* Resources */,
			);
			buildRules = (
			);
			dependencies = (
			);
			name = "HI1033_Lab1-3";
			productName = "HI1033_Lab1-3";
			productReference = 85060C752B26F61F00B544AB /* HI1033_Lab1-3.app */;
			productType = "com.apple.product-type.application";
		};
/* End PBXNativeTarget section */

/* Begin PBXProject section */
		85060C6D2B26F61F00B544AB /* Project object */ = {
			isa = PBXProject;
			attributes = {
				BuildIndependentTargetsInParallel = 1;
				LastSwiftUpdateCheck = 1430;
				LastUpgradeCheck = 1430;
				TargetAttributes = {
					85060C742B26F61F00B544AB = {
						CreatedOnToolsVersion = 14.3.1;
					};
				};
			};
			buildConfigurationList = 85060C702B26F61F00B544AB /* Build configuration list for PBXProject "HI1033_Lab1-3" */;
			compatibilityVersion = "Xcode 14.0";
			developmentRegion = en;
			hasScannedForEncodings = 0;
			knownRegions = (
				en,
				Base,
			);
			mainGroup = 85060C6C2B26F61F00B544AB;
			productRefGroup = 85060C762B26F61F00B544AB /* Products */;
			projectDirPath = "";
			projectRoot = "";
			targets = (
				85060C742B26F61F00B544AB /* HI1033_Lab1-3 */,
			);
		};
/* End PBXProject section */

/* Begin PBXResourcesBuildPhase section */
		85060C732B26F61F00B544AB /* Resources */ = {
			isa = PBXResourcesBuildPhase;
			buildActionMask = 2147483647;
			files = (
				85060C802B26F62100B544AB /* Preview Assets.xcassets in Resources */,
				85060C7D2B26F62100B544AB /* Assets.xcassets in Resources */,
			);
			runOnlyForDeploymentPostprocessing = 0;
		};
/* End PBXResourcesBuildPhase section */

/* Begin PBXSourcesBuildPhase section */
		85060C712B26F61F00B544AB /* Sources */ = {
			isa = PBXSourcesBuildPhase;
			buildActionMask = 2147483647;
			files = (
				85060C822B26F62100B544AB /* Persistence.swift in Sources */,
				85060C8C2B26FAA800B544AB /* BluetoothConnect.swift in Sources */,
				5BC166B02B2856F60038658E /* BluetoothDevicesView.swift in Sources */,
				85060C8E2B26FB9700B544AB /* SensorView.swift in Sources */,
				85060C7B2B26F61F00B544AB /* ContentView.swift in Sources */,
				85060C902B26FBA900B544AB /* SensorViewModel.swift in Sources */,
				85060C792B26F61F00B544AB /* HI1033_Lab1_3App.swift in Sources */,
				85060C852B26F62100B544AB /* HI1033_Lab1_3.xcdatamodeld in Sources */,
				85060C952B26FC2200B544AB /* SensorModel.swift in Sources */,
			);
			runOnlyForDeploymentPostprocessing = 0;
		};
/* End PBXSourcesBuildPhase section */

/* Begin XCBuildConfiguration section */
		85060C862B26F62100B544AB /* Debug */ = {
			isa = XCBuildConfiguration;
			buildSettings = {
				ALWAYS_SEARCH_USER_PATHS = NO;
				CLANG_ANALYZER_NONNULL = YES;
				CLANG_ANALYZER_NUMBER_OBJECT_CONVERSION = YES_AGGRESSIVE;
				CLANG_CXX_LANGUAGE_STANDARD = "gnu++20";
				CLANG_ENABLE_MODULES = YES;
				CLANG_ENABLE_OBJC_ARC = YES;
				CLANG_ENABLE_OBJC_WEAK = YES;
				CLANG_WARN_BLOCK_CAPTURE_AUTORELEASING = YES;
				CLANG_WARN_BOOL_CONVERSION = YES;
				CLANG_WARN_COMMA = YES;
				CLANG_WARN_CONSTANT_CONVERSION = YES;
				CLANG_WARN_DEPRECATED_OBJC_IMPLEMENTATIONS = YES;
				CLANG_WARN_DIRECT_OBJC_ISA_USAGE = YES_ERROR;
				CLANG_WARN_DOCUMENTATION_COMMENTS = YES;
				CLANG_WARN_EMPTY_BODY = YES;
				CLANG_WARN_ENUM_CONVERSION = YES;
				CLANG_WARN_INFINITE_RECURSION = YES;
				CLANG_WARN_INT_CONVERSION = YES;
				CLANG_WARN_NON_LITERAL_NULL_CONVERSION = YES;
				CLANG_WARN_OBJC_IMPLICIT_RETAIN_SELF = YES;
				CLANG_WARN_OBJC_LITERAL_CONVERSION = YES;
				CLANG_WARN_OBJC_ROOT_CLASS = YES_ERROR;
				CLANG_WARN_QUOTED_INCLUDE_IN_FRAMEWORK_HEADER = YES;
				CLANG_WARN_RANGE_LOOP_ANALYSIS = YES;
				CLANG_WARN_STRICT_PROTOTYPES = YES;
				CLANG_WARN_SUSPICIOUS_MOVE = YES;
				CLANG_WARN_UNGUARDED_AVAILABILITY = YES_AGGRESSIVE;
				CLANG_WARN_UNREACHABLE_CODE = YES;
				CLANG_WARN__DUPLICATE_METHOD_MATCH = YES;
				COPY_PHASE_STRIP = NO;
				DEBUG_INFORMATION_FORMAT = dwarf;
				ENABLE_STRICT_OBJC_MSGSEND = YES;
				ENABLE_TESTABILITY = YES;
				GCC_C_LANGUAGE_STANDARD = gnu11;
				GCC_DYNAMIC_NO_PIC = NO;
				GCC_NO_COMMON_BLOCKS = YES;
				GCC_OPTIMIZATION_LEVEL = 0;
				GCC_PREPROCESSOR_DEFINITIONS = (
					"DEBUG=1",
					"$(inherited)",
				);
				GCC_WARN_64_TO_32_BIT_CONVERSION = YES;
				GCC_WARN_ABOUT_RETURN_TYPE = YES_ERROR;
				GCC_WARN_UNDECLARED_SELECTOR = YES;
				GCC_WARN_UNINITIALIZED_AUTOS = YES_AGGRESSIVE;
				GCC_WARN_UNUSED_FUNCTION = YES;
				GCC_WARN_UNUSED_VARIABLE = YES;
				IPHONEOS_DEPLOYMENT_TARGET = 16.4;
				MTL_ENABLE_DEBUG_INFO = INCLUDE_SOURCE;
				MTL_FAST_MATH = YES;
				ONLY_ACTIVE_ARCH = YES;
				SDKROOT = iphoneos;
				SWIFT_ACTIVE_COMPILATION_CONDITIONS = DEBUG;
				SWIFT_OPTIMIZATION_LEVEL = "-Onone";
			};
			name = Debug;
		};
		85060C872B26F62100B544AB /* Release */ = {
			isa = XCBuildConfiguration;
			buildSettings = {
				ALWAYS_SEARCH_USER_PATHS = NO;
				CLANG_ANALYZER_NONNULL = YES;
				CLANG_ANALYZER_NUMBER_OBJECT_CONVERSION = YES_AGGRESSIVE;
				CLANG_CXX_LANGUAGE_STANDARD = "gnu++20";
				CLANG_ENABLE_MODULES = YES;
				CLANG_ENABLE_OBJC_ARC = YES;
				CLANG_ENABLE_OBJC_WEAK = YES;
				CLANG_WARN_BLOCK_CAPTURE_AUTORELEASING = YES;
				CLANG_WARN_BOOL_CONVERSION = YES;
				CLANG_WARN_COMMA = YES;
				CLANG_WARN_CONSTANT_CONVERSION = YES;
				CLANG_WARN_DEPRECATED_OBJC_IMPLEMENTATIONS = YES;
				CLANG_WARN_DIRECT_OBJC_ISA_USAGE = YES_ERROR;
				CLANG_WARN_DOCUMENTATION_COMMENTS = YES;
				CLANG_WARN_EMPTY_BODY = YES;
				CLANG_WARN_ENUM_CONVERSION = YES;
				CLANG_WARN_INFINITE_RECURSION = YES;
				CLANG_WARN_INT_CONVERSION = YES;
				CLANG_WARN_NON_LITERAL_NULL_CONVERSION = YES;
				CLANG_WARN_OBJC_IMPLICIT_RETAIN_SELF = YES;
				CLANG_WARN_OBJC_LITERAL_CONVERSION = YES;
				CLANG_WARN_OBJC_ROOT_CLASS = YES_ERROR;
				CLANG_WARN_QUOTED_INCLUDE_IN_FRAMEWORK_HEADER = YES;
				CLANG_WARN_RANGE_LOOP_ANALYSIS = YES;
				CLANG_WARN_STRICT_PROTOTYPES = YES;
				CLANG_WARN_SUSPICIOUS_MOVE = YES;
				CLANG_WARN_UNGUARDED_AVAILABILITY = YES_AGGRESSIVE;
				CLANG_WARN_UNREACHABLE_CODE = YES;
				CLANG_WARN__DUPLICATE_METHOD_MATCH = YES;
				COPY_PHASE_STRIP = NO;
				DEBUG_INFORMATION_FORMAT = "dwarf-with-dsym";
				ENABLE_NS_ASSERTIONS = NO;
				ENABLE_STRICT_OBJC_MSGSEND = YES;
				GCC_C_LANGUAGE_STANDARD = gnu11;
				GCC_NO_COMMON_BLOCKS = YES;
				GCC_WARN_64_TO_32_BIT_CONVERSION = YES;
				GCC_WARN_ABOUT_RETURN_TYPE = YES_ERROR;
				GCC_WARN_UNDECLARED_SELECTOR = YES;
				GCC_WARN_UNINITIALIZED_AUTOS = YES_AGGRESSIVE;
				GCC_WARN_UNUSED_FUNCTION = YES;
				GCC_WARN_UNUSED_VARIABLE = YES;
				IPHONEOS_DEPLOYMENT_TARGET = 16.4;
				MTL_ENABLE_DEBUG_INFO = NO;
				MTL_FAST_MATH = YES;
				SDKROOT = iphoneos;
				SWIFT_COMPILATION_MODE = wholemodule;
				SWIFT_OPTIMIZATION_LEVEL = "-O";
				VALIDATE_PRODUCT = YES;
			};
			name = Release;
		};
		85060C892B26F62100B544AB /* Debug */ = {
			isa = XCBuildConfiguration;
			buildSettings = {
				ASSETCATALOG_COMPILER_APPICON_NAME = AppIcon;
				ASSETCATALOG_COMPILER_GLOBAL_ACCENT_COLOR_NAME = AccentColor;
				CODE_SIGN_STYLE = Automatic;
				CURRENT_PROJECT_VERSION = 1;
				DEVELOPMENT_ASSET_PATHS = "\"HI1033_Lab1-3/Preview Content\"";
				DEVELOPMENT_TEAM = 6XSZZM3G59;
				ENABLE_PREVIEWS = YES;
				GENERATE_INFOPLIST_FILE = YES;
				INFOPLIST_FILE = "HI1033-Lab1-3-Info.plist";
				INFOPLIST_KEY_CFBundleDisplayName = Sensor;
				INFOPLIST_KEY_NSBluetoothAlwaysUsageDescription = "Allow for bluetooth use";
				INFOPLIST_KEY_NSBluetoothPeripheralUsageDescription = "Please allow bluetooth for the sensor";
				INFOPLIST_KEY_UIApplicationSceneManifest_Generation = YES;
				INFOPLIST_KEY_UIApplicationSupportsIndirectInputEvents = YES;
				INFOPLIST_KEY_UILaunchScreen_Generation = YES;
				INFOPLIST_KEY_UISupportedInterfaceOrientations_iPad = "UIInterfaceOrientationPortrait UIInterfaceOrientationPortraitUpsideDown UIInterfaceOrientationLandscapeLeft UIInterfaceOrientationLandscapeRight";
				INFOPLIST_KEY_UISupportedInterfaceOrientations_iPhone = "UIInterfaceOrientationPortrait UIInterfaceOrientationLandscapeLeft UIInterfaceOrientationLandscapeRight";
				LD_RUNPATH_SEARCH_PATHS = (
					"$(inherited)",
					"@executable_path/Frameworks",
				);
				MARKETING_VERSION = 1.0;
				PRODUCT_BUNDLE_IDENTIFIER = NillRudd;
				PRODUCT_NAME = "$(TARGET_NAME)";
				SWIFT_EMIT_LOC_STRINGS = YES;
				SWIFT_VERSION = 5.0;
				TARGETED_DEVICE_FAMILY = "1,2";
			};
			name = Debug;
		};
		85060C8A2B26F62100B544AB /* Release */ = {
			isa = XCBuildConfiguration;
			buildSettings = {
				ASSETCATALOG_COMPILER_APPICON_NAME = AppIcon;
				ASSETCATALOG_COMPILER_GLOBAL_ACCENT_COLOR_NAME = AccentColor;
				CODE_SIGN_STYLE = Automatic;
				CURRENT_PROJECT_VERSION = 1;
				DEVELOPMENT_ASSET_PATHS = "\"HI1033_Lab1-3/Preview Content\"";
				DEVELOPMENT_TEAM = 6XSZZM3G59;
				ENABLE_PREVIEWS = YES;
				GENERATE_INFOPLIST_FILE = YES;
				INFOPLIST_FILE = "HI1033-Lab1-3-Info.plist";
				INFOPLIST_KEY_CFBundleDisplayName = Sensor;
				INFOPLIST_KEY_NSBluetoothAlwaysUsageDescription = "Allow for bluetooth use";
				INFOPLIST_KEY_NSBluetoothPeripheralUsageDescription = "Please allow bluetooth for the sensor";
				INFOPLIST_KEY_UIApplicationSceneManifest_Generation = YES;
				INFOPLIST_KEY_UIApplicationSupportsIndirectInputEvents = YES;
				INFOPLIST_KEY_UILaunchScreen_Generation = YES;
				INFOPLIST_KEY_UISupportedInterfaceOrientations_iPad = "UIInterfaceOrientationPortrait UIInterfaceOrientationPortraitUpsideDown UIInterfaceOrientationLandscapeLeft UIInterfaceOrientationLandscapeRight";
				INFOPLIST_KEY_UISupportedInterfaceOrientations_iPhone = "UIInterfaceOrientationPortrait UIInterfaceOrientationLandscapeLeft UIInterfaceOrientationLandscapeRight";
				LD_RUNPATH_SEARCH_PATHS = (
					"$(inherited)",
					"@executable_path/Frameworks",
				);
				MARKETING_VERSION = 1.0;
				PRODUCT_BUNDLE_IDENTIFIER = NillRudd;
				PRODUCT_NAME = "$(TARGET_NAME)";
				SWIFT_EMIT_LOC_STRINGS = YES;
				SWIFT_VERSION = 5.0;
				TARGETED_DEVICE_FAMILY = "1,2";
			};
			name = Release;
		};
		85060C982B27079600B544AB /* Release copy */ = {
			isa = XCBuildConfiguration;
			buildSettings = {
				ALWAYS_SEARCH_USER_PATHS = NO;
				CLANG_ANALYZER_NONNULL = YES;
				CLANG_ANALYZER_NUMBER_OBJECT_CONVERSION = YES_AGGRESSIVE;
				CLANG_CXX_LANGUAGE_STANDARD = "gnu++20";
				CLANG_ENABLE_MODULES = YES;
				CLANG_ENABLE_OBJC_ARC = YES;
				CLANG_ENABLE_OBJC_WEAK = YES;
				CLANG_WARN_BLOCK_CAPTURE_AUTORELEASING = YES;
				CLANG_WARN_BOOL_CONVERSION = YES;
				CLANG_WARN_COMMA = YES;
				CLANG_WARN_CONSTANT_CONVERSION = YES;
				CLANG_WARN_DEPRECATED_OBJC_IMPLEMENTATIONS = YES;
				CLANG_WARN_DIRECT_OBJC_ISA_USAGE = YES_ERROR;
				CLANG_WARN_DOCUMENTATION_COMMENTS = YES;
				CLANG_WARN_EMPTY_BODY = YES;
				CLANG_WARN_ENUM_CONVERSION = YES;
				CLANG_WARN_INFINITE_RECURSION = YES;
				CLANG_WARN_INT_CONVERSION = YES;
				CLANG_WARN_NON_LITERAL_NULL_CONVERSION = YES;
				CLANG_WARN_OBJC_IMPLICIT_RETAIN_SELF = YES;
				CLANG_WARN_OBJC_LITERAL_CONVERSION = YES;
				CLANG_WARN_OBJC_ROOT_CLASS = YES_ERROR;
				CLANG_WARN_QUOTED_INCLUDE_IN_FRAMEWORK_HEADER = YES;
				CLANG_WARN_RANGE_LOOP_ANALYSIS = YES;
				CLANG_WARN_STRICT_PROTOTYPES = YES;
				CLANG_WARN_SUSPICIOUS_MOVE = YES;
				CLANG_WARN_UNGUARDED_AVAILABILITY = YES_AGGRESSIVE;
				CLANG_WARN_UNREACHABLE_CODE = YES;
				CLANG_WARN__DUPLICATE_METHOD_MATCH = YES;
				COPY_PHASE_STRIP = NO;
				DEBUG_INFORMATION_FORMAT = "dwarf-with-dsym";
				ENABLE_NS_ASSERTIONS = NO;
				ENABLE_STRICT_OBJC_MSGSEND = YES;
				GCC_C_LANGUAGE_STANDARD = gnu11;
				GCC_NO_COMMON_BLOCKS = YES;
				GCC_WARN_64_TO_32_BIT_CONVERSION = YES;
				GCC_WARN_ABOUT_RETURN_TYPE = YES_ERROR;
				GCC_WARN_UNDECLARED_SELECTOR = YES;
				GCC_WARN_UNINITIALIZED_AUTOS = YES_AGGRESSIVE;
				GCC_WARN_UNUSED_FUNCTION = YES;
				GCC_WARN_UNUSED_VARIABLE = YES;
				IPHONEOS_DEPLOYMENT_TARGET = 16.4;
				MTL_ENABLE_DEBUG_INFO = NO;
				MTL_FAST_MATH = YES;
				SDKROOT = iphoneos;
				SWIFT_COMPILATION_MODE = wholemodule;
				SWIFT_OPTIMIZATION_LEVEL = "-O";
				VALIDATE_PRODUCT = YES;
			};
			name = "Release copy";
		};
		85060C992B27079600B544AB /* Release copy */ = {
			isa = XCBuildConfiguration;
			buildSettings = {
				ASSETCATALOG_COMPILER_APPICON_NAME = AppIcon;
				ASSETCATALOG_COMPILER_GLOBAL_ACCENT_COLOR_NAME = AccentColor;
				CODE_SIGN_STYLE = Automatic;
				CURRENT_PROJECT_VERSION = 1;
				DEVELOPMENT_ASSET_PATHS = "\"HI1033_Lab1-3/Preview Content\"";
				DEVELOPMENT_TEAM = 6XSZZM3G59;
				ENABLE_PREVIEWS = YES;
				GENERATE_INFOPLIST_FILE = YES;
				INFOPLIST_FILE = "HI1033-Lab1-3-Info.plist";
				INFOPLIST_KEY_CFBundleDisplayName = Sensor;
				INFOPLIST_KEY_NSBluetoothAlwaysUsageDescription = "Allow for bluetooth use";
				INFOPLIST_KEY_NSBluetoothPeripheralUsageDescription = "Please allow bluetooth for the sensor";
				INFOPLIST_KEY_UIApplicationSceneManifest_Generation = YES;
				INFOPLIST_KEY_UIApplicationSupportsIndirectInputEvents = YES;
				INFOPLIST_KEY_UILaunchScreen_Generation = YES;
				INFOPLIST_KEY_UISupportedInterfaceOrientations_iPad = "UIInterfaceOrientationPortrait UIInterfaceOrientationPortraitUpsideDown UIInterfaceOrientationLandscapeLeft UIInterfaceOrientationLandscapeRight";
				INFOPLIST_KEY_UISupportedInterfaceOrientations_iPhone = "UIInterfaceOrientationPortrait UIInterfaceOrientationLandscapeLeft UIInterfaceOrientationLandscapeRight";
				LD_RUNPATH_SEARCH_PATHS = (
					"$(inherited)",
					"@executable_path/Frameworks",
				);
				MARKETING_VERSION = 1.0;
				PRODUCT_BUNDLE_IDENTIFIER = NillRudd;
				PRODUCT_NAME = "$(TARGET_NAME)";
				SWIFT_EMIT_LOC_STRINGS = YES;
				SWIFT_VERSION = 5.0;
				TARGETED_DEVICE_FAMILY = "1,2";
			};
			name = "Release copy";
		};
/* End XCBuildConfiguration section */

/* Begin XCConfigurationList section */
		85060C702B26F61F00B544AB /* Build configuration list for PBXProject "HI1033_Lab1-3" */ = {
			isa = XCConfigurationList;
			buildConfigurations = (
				85060C862B26F62100B544AB /* Debug */,
				85060C872B26F62100B544AB /* Release */,
				85060C982B27079600B544AB /* Release copy */,
			);
			defaultConfigurationIsVisible = 0;
			defaultConfigurationName = Release;
		};
		85060C882B26F62100B544AB /* Build configuration list for PBXNativeTarget "HI1033_Lab1-3" */ = {
			isa = XCConfigurationList;
			buildConfigurations = (
				85060C892B26F62100B544AB /* Debug */,
				85060C8A2B26F62100B544AB /* Release */,
				85060C992B27079600B544AB /* Release copy */,
			);
			defaultConfigurationIsVisible = 0;
			defaultConfigurationName = Release;
		};
/* End XCConfigurationList section */

/* Begin XCVersionGroup section */
		85060C832B26F62100B544AB /* HI1033_Lab1_3.xcdatamodeld */ = {
			isa = XCVersionGroup;
			children = (
				85060C842B26F62100B544AB /* HI1033_Lab1_3.xcdatamodel */,
			);
			currentVersion = 85060C842B26F62100B544AB /* HI1033_Lab1_3.xcdatamodel */;
			path = HI1033_Lab1_3.xcdatamodeld;
			sourceTree = "<group>";
			versionGroupType = wrapper.xcdatamodel;
		};
/* End XCVersionGroup section */
	};
	rootObject = 85060C6D2B26F61F00B544AB /* Project object */;
}
